
Microsoft Visual Studio Solution File, Format Version 12.00
# Visual Studio Version 17
VisualStudioVersion = 17.14.36616.10 d17.14
MinimumVisualStudioVersion = 10.0.40219.1
Project("{FAE04EC0-301F-11D3-BF4B-00C04F79EFBC}") = "TaskAPI", "TaskAPI.csproj", "{22D22562-1AAD-4CFE-9993-C9DEB818E170}"
EndProject
Global
	GlobalSection(SolutionConfigurationPlatforms) = preSolution
		Debug|Any CPU = Debug|Any CPU
		Release|Any CPU = Release|Any CPU
	EndGlobalSection
	GlobalSection(ProjectConfigurationPlatforms) = postSolution
		{22D22562-1AAD-4CFE-9993-C9DEB818E170}.Debug|Any CPU.ActiveCfg = Debug|Any CPU
		{22D22562-1AAD-4CFE-9993-C9DEB818E170}.Debug|Any CPU.Build.0 = Debug|Any CPU
		{22D22562-1AAD-4CFE-9993-C9DEB818E170}.Release|Any CPU.ActiveCfg = Release|Any CPU
		{22D22562-1AAD-4CFE-9993-C9DEB818E170}.Release|Any CPU.Build.0 = Release|Any CPU
	EndGlobalSection
	GlobalSection(SolutionProperties) = preSolution
		HideSolutionNode = FALSE
	EndGlobalSection
	GlobalSection(ExtensibilityGlobals) = postSolution
		SolutionGuid = {8D6525E1-B8A3-4616-8C27-35737F4A0B40}
	EndGlobalSection
EndGlobal
